
Microsoft Visual Studio Solution File, Format Version 12.00
# Visual Studio Version 17
VisualStudioVersion = 17.1.32421.90
MinimumVisualStudioVersion = 10.0.40219.1
Project("{FAE04EC0-301F-11D3-BF4B-00C04F79EFBC}") = "crypto", "crypto\crypto.csproj", "{46B49CEA-7D24-441C-9351-A20662BFA7FF}"
EndProject
Global
	GlobalSection(SolutionConfigurationPlatforms) = preSolution
		Debug|Any CPU = Debug|Any CPU
		Release|Any CPU = Release|Any CPU
	EndGlobalSection
	GlobalSection(ProjectConfigurationPlatforms) = postSolution
		{46B49CEA-7D24-441C-9351-A20662BFA7FF}.Debug|Any CPU.ActiveCfg = Debug|Any CPU
		{46B49CEA-7D24-441C-9351-A20662BFA7FF}.Debug|Any CPU.Build.0 = Debug|Any CPU
		{46B49CEA-7D24-441C-9351-A20662BFA7FF}.Release|Any CPU.ActiveCfg = Release|Any CPU
		{46B49CEA-7D24-441C-9351-A20662BFA7FF}.Release|Any CPU.Build.0 = Release|Any CPU
	EndGlobalSection
	GlobalSection(SolutionProperties) = preSolution
		HideSolutionNode = FALSE
	EndGlobalSection
	GlobalSection(ExtensibilityGlobals) = postSolution
		SolutionGuid = {03580A13-12F7-466F-8DCF-514FB7AEAC62}
	EndGlobalSection
EndGlobal
